
Microsoft Visual Studio Solution File, Format Version 12.00
# Visual Studio 15
VisualStudioVersion = 15.0.27703.2026
MinimumVisualStudioVersion = 10.0.40219.1
Project("{9A19103F-16F7-4668-BE54-9A1E7A4F7556}") = "effort-extension", "effort-extension\effort-extension.csproj", "{0E2E073F-C83E-4EF5-92A1-2D40669C49A1}"
EndProject
Project("{FAE04EC0-301F-11D3-BF4B-00C04F79EFBC}") = "EffoftAPIService", "EffoftAPIService\EffoftAPIService.csproj", "{77DDD2AF-8F58-48B9-AD90-AD98D345A717}"
EndProject
Global
	GlobalSection(SolutionConfigurationPlatforms) = preSolution
		Debug|Any CPU = Debug|Any CPU
		Release|Any CPU = Release|Any CPU
	EndGlobalSection
	GlobalSection(ProjectConfigurationPlatforms) = postSolution
		{0E2E073F-C83E-4EF5-92A1-2D40669C49A1}.Debug|Any CPU.ActiveCfg = Debug|Any CPU
		{0E2E073F-C83E-4EF5-92A1-2D40669C49A1}.Debug|Any CPU.Build.0 = Debug|Any CPU
		{0E2E073F-C83E-4EF5-92A1-2D40669C49A1}.Release|Any CPU.ActiveCfg = Release|Any CPU
		{0E2E073F-C83E-4EF5-92A1-2D40669C49A1}.Release|Any CPU.Build.0 = Release|Any CPU
		{77DDD2AF-8F58-48B9-AD90-AD98D345A717}.Debug|Any CPU.ActiveCfg = Debug|Any CPU
		{77DDD2AF-8F58-48B9-AD90-AD98D345A717}.Debug|Any CPU.Build.0 = Debug|Any CPU
		{77DDD2AF-8F58-48B9-AD90-AD98D345A717}.Release|Any CPU.ActiveCfg = Release|Any CPU
		{77DDD2AF-8F58-48B9-AD90-AD98D345A717}.Release|Any CPU.Build.0 = Release|Any CPU
	EndGlobalSection
	GlobalSection(SolutionProperties) = preSolution
		HideSolutionNode = FALSE
	EndGlobalSection
	GlobalSection(ExtensibilityGlobals) = postSolution
		SolutionGuid = {C866452D-A55C-468B-BA8C-57008F4D04A8}
	EndGlobalSection
EndGlobal
