
Microsoft Visual Studio Solution File, Format Version 12.00
# Visual Studio 15
VisualStudioVersion = 15.0.27703.2026
MinimumVisualStudioVersion = 10.0.40219.1
Project("{9A19103F-16F7-4668-BE54-9A1E7A4F7556}") = "EffoftAPIService", "EffoftAPIService\EffoftAPIService.csproj", "{77DDD2AF-8F58-48B9-AD90-AD98D345A717}"
EndProject
Project("{9A19103F-16F7-4668-BE54-9A1E7A4F7556}") = "effort-extension-first", "effort-extension-first\effort-extension-first.csproj", "{AE4721AF-5A55-4FA0-9669-C291A2445D80}"
EndProject
Global
	GlobalSection(SolutionConfigurationPlatforms) = preSolution
		Debug|Any CPU = Debug|Any CPU
		Release|Any CPU = Release|Any CPU
	EndGlobalSection
	GlobalSection(ProjectConfigurationPlatforms) = postSolution
		{77DDD2AF-8F58-48B9-AD90-AD98D345A717}.Debug|Any CPU.ActiveCfg = Debug|Any CPU
		{77DDD2AF-8F58-48B9-AD90-AD98D345A717}.Debug|Any CPU.Build.0 = Debug|Any CPU
		{77DDD2AF-8F58-48B9-AD90-AD98D345A717}.Release|Any CPU.ActiveCfg = Release|Any CPU
		{77DDD2AF-8F58-48B9-AD90-AD98D345A717}.Release|Any CPU.Build.0 = Release|Any CPU
		{AE4721AF-5A55-4FA0-9669-C291A2445D80}.Debug|Any CPU.ActiveCfg = Debug|Any CPU
		{AE4721AF-5A55-4FA0-9669-C291A2445D80}.Debug|Any CPU.Build.0 = Debug|Any CPU
		{AE4721AF-5A55-4FA0-9669-C291A2445D80}.Release|Any CPU.ActiveCfg = Release|Any CPU
		{AE4721AF-5A55-4FA0-9669-C291A2445D80}.Release|Any CPU.Build.0 = Release|Any CPU
	EndGlobalSection
	GlobalSection(SolutionProperties) = preSolution
		HideSolutionNode = FALSE
	EndGlobalSection
	GlobalSection(ExtensibilityGlobals) = postSolution
		SolutionGuid = {C866452D-A55C-468B-BA8C-57008F4D04A8}
	EndGlobalSection
EndGlobal
