
Microsoft Visual Studio Solution File, Format Version 12.00
# Visual Studio Version 16
VisualStudioVersion = 16.0.29009.5
MinimumVisualStudioVersion = 10.0.40219.1
Project("{9A19103F-16F7-4668-BE54-9A1E7A4F7556}") = "Effort.Models", "Effort.Models\Effort.Models.csproj", "{63447900-2365-4246-8171-92EE5302EB32}"
EndProject
Project("{9A19103F-16F7-4668-BE54-9A1E7A4F7556}") = "Effort.DB.Layer", "Effort.DB.Layer\Effort.DB.Layer.csproj", "{6CB7BE2D-B723-4F6B-861B-6C0C93EAC39C}"
EndProject
Project("{9A19103F-16F7-4668-BE54-9A1E7A4F7556}") = "EffortAPIService", "EffortAPIService\EffortAPIService.csproj", "{C967C661-FD20-4DBD-9028-CC5FFA0215EE}"
EndProject
Project("{2150E333-8FDC-42A3-9474-1A3956D46DE8}") = "Solution Items", "Solution Items", "{9433DB72-EFF9-41B7-AA31-D3BE367696F8}"
	ProjectSection(SolutionItems) = preProject
		.gitignore = .gitignore
		README.md = README.md
	EndProjectSection
EndProject
Project("{FAE04EC0-301F-11D3-BF4B-00C04F79EFBC}") = "AzureDevOpsService", "AzureDevOpsService\AzureDevOpsService.csproj", "{BA8EB6BC-8A42-43A3-88A3-2F24436AB0E4}"
EndProject
Global
	GlobalSection(SolutionConfigurationPlatforms) = preSolution
		Debug|Any CPU = Debug|Any CPU
		Release|Any CPU = Release|Any CPU
	EndGlobalSection
	GlobalSection(ProjectConfigurationPlatforms) = postSolution
		{63447900-2365-4246-8171-92EE5302EB32}.Debug|Any CPU.ActiveCfg = Debug|Any CPU
		{63447900-2365-4246-8171-92EE5302EB32}.Debug|Any CPU.Build.0 = Debug|Any CPU
		{63447900-2365-4246-8171-92EE5302EB32}.Release|Any CPU.ActiveCfg = Release|Any CPU
		{63447900-2365-4246-8171-92EE5302EB32}.Release|Any CPU.Build.0 = Release|Any CPU
		{6CB7BE2D-B723-4F6B-861B-6C0C93EAC39C}.Debug|Any CPU.ActiveCfg = Debug|Any CPU
		{6CB7BE2D-B723-4F6B-861B-6C0C93EAC39C}.Debug|Any CPU.Build.0 = Debug|Any CPU
		{6CB7BE2D-B723-4F6B-861B-6C0C93EAC39C}.Release|Any CPU.ActiveCfg = Release|Any CPU
		{6CB7BE2D-B723-4F6B-861B-6C0C93EAC39C}.Release|Any CPU.Build.0 = Release|Any CPU
		{C967C661-FD20-4DBD-9028-CC5FFA0215EE}.Debug|Any CPU.ActiveCfg = Debug|Any CPU
		{C967C661-FD20-4DBD-9028-CC5FFA0215EE}.Debug|Any CPU.Build.0 = Debug|Any CPU
		{C967C661-FD20-4DBD-9028-CC5FFA0215EE}.Release|Any CPU.ActiveCfg = Release|Any CPU
		{C967C661-FD20-4DBD-9028-CC5FFA0215EE}.Release|Any CPU.Build.0 = Release|Any CPU
		{BA8EB6BC-8A42-43A3-88A3-2F24436AB0E4}.Debug|Any CPU.ActiveCfg = Debug|Any CPU
		{BA8EB6BC-8A42-43A3-88A3-2F24436AB0E4}.Debug|Any CPU.Build.0 = Debug|Any CPU
		{BA8EB6BC-8A42-43A3-88A3-2F24436AB0E4}.Release|Any CPU.ActiveCfg = Release|Any CPU
		{BA8EB6BC-8A42-43A3-88A3-2F24436AB0E4}.Release|Any CPU.Build.0 = Release|Any CPU
	EndGlobalSection
	GlobalSection(SolutionProperties) = preSolution
		HideSolutionNode = FALSE
	EndGlobalSection
	GlobalSection(ExtensibilityGlobals) = postSolution
		SolutionGuid = {C866452D-A55C-468B-BA8C-57008F4D04A8}
	EndGlobalSection
EndGlobal
